Microsoft Visual Studio Solution File, Format Version 12.00
# Visual Studio Version 17
VisualStudioVersion = 17.5.2.0
MinimumVisualStudioVersion = 10.0.40219.1
Project("{FAE04EC0-301F-11D3-BF4B-00C04F79EFBC}") = "PCM_396", "PCM_396.csproj", "{DD8BA513-941C-9968-4550-E9211A8C80C7}"
EndProject
Global
	GlobalSection(SolutionConfigurationPlatforms) = preSolution
		Debug|Any CPU = Debug|Any CPU
		Release|Any CPU = Release|Any CPU
	EndGlobalSection
	GlobalSection(ProjectConfigurationPlatforms) = postSolution
		{DD8BA513-941C-9968-4550-E9211A8C80C7}.Debug|Any CPU.ActiveCfg = Debug|Any CPU
		{DD8BA513-941C-9968-4550-E9211A8C80C7}.Debug|Any CPU.Build.0 = Debug|Any CPU
		{DD8BA513-941C-9968-4550-E9211A8C80C7}.Release|Any CPU.ActiveCfg = Release|Any CPU
		{DD8BA513-941C-9968-4550-E9211A8C80C7}.Release|Any CPU.Build.0 = Release|Any CPU
	EndGlobalSection
	GlobalSection(SolutionProperties) = preSolution
		HideSolutionNode = FALSE
	EndGlobalSection
	GlobalSection(ExtensibilityGlobals) = postSolution
		SolutionGuid = {8AE84701-5C58-44BF-8053-0C7D4A9F44CD}
	EndGlobalSection
EndGlobal
